{
  "name": "elevenlabs",
  "lockfileVersion": 3,
  "requires": true,
  "packages": {
    "": {
      "dependencies": {
        "@elevenlabs/cli": "1.4.0"
      }
    },
    "node_modules/@elevenlabs/cli": {
      "version": "1.4.0",
      "resolved": "https://registry.npmjs.org/@elevenlabs/cli/-/cli-1.4.0.tgz",
      "integrity": "sha512-U9vILt7uk0uEOuMmPHOsjMLn1x5uIj/BMzSjPBWuXncEYgtI+hhE33/NQnNE/t44bXfnVX3n7pgAb0E4mYX5oA==",
      "bin": {
        "elevenlabs": "bin/cli.js"
      },
      "optionalDependencies": {
        "@elevenlabs/cli-darwin-arm64": "1.4.0",
        "@elevenlabs/cli-darwin-x64": "1.4.0",
        "@elevenlabs/cli-linux-arm64": "1.4.0",
        "@elevenlabs/cli-linux-x64": "1.4.0",
        "@elevenlabs/cli-win32-x64": "1.4.0"
      }
    },
    "node_modules/@elevenlabs/cli-darwin-arm64": {
      "version": "1.4.0",
      "resolved": "https://registry.npmjs.org/@elevenlabs/cli-darwin-arm64/-/cli-darwin-arm64-1.4.0.tgz",
      "integrity": "sha512-EGoykYk+tvH2/kB98/TEsvhw+bM6TiAiiCPDpeIjx/d+93fPWEk6xCkvBcoSAzGcC45q/0BI61HXaFcBGPBdRA==",
      "cpu": [
        "arm64"
      ],
      "license": "MIT",
      "optional": true,
      "os": [
        "darwin"
      ]
    },
    "node_modules/@elevenlabs/cli-darwin-x64": {
      "version": "1.4.0",
      "resolved": "https://registry.npmjs.org/@elevenlabs/cli-darwin-x64/-/cli-darwin-x64-1.4.0.tgz",
      "integrity": "sha512-Tl0tmQdR7tSmxYqs33lWBy/UdrdGrIMHbycT7jMkBckojtTfEoDHbDn7s3d4mIGUNBx+EcavUi9vG7tEDN7toQ==",
      "cpu": [
        "x64"
      ],
      "license": "MIT",
      "optional": true,
      "os": [
        "darwin"
      ]
    },
    "node_modules/@elevenlabs/cli-linux-arm64": {
      "version": "1.4.0",
      "resolved": "https://registry.npmjs.org/@elevenlabs/cli-linux-arm64/-/cli-linux-arm64-1.4.0.tgz",
      "integrity": "sha512-1TUF/LHbpKglWTgWlnrr6bqRof/R4Qb5Rj85KBVCdbmZtA8jy7kHn7leImydabX/U1N4oxTzRqA6YNRQuz6P7w==",
      "cpu": [
        "arm64"
      ],
      "license": "MIT",
      "optional": true,
      "os": [
        "linux"
      ]
    },
    "node_modules/@elevenlabs/cli-linux-x64": {
      "version": "1.4.0",
      "resolved": "https://registry.npmjs.org/@elevenlabs/cli-linux-x64/-/cli-linux-x64-1.4.0.tgz",
      "integrity": "sha512-oN+iyUZCJ622u46snklFNjPHch02mCnxHLW4VsQjDuVZjywIXIjf1qslWmpM6xszddwUBK7wN81x1xbfu09yoQ==",
      "cpu": [
        "x64"
      ],
      "license": "MIT",
      "optional": true,
      "os": [
        "linux"
      ]
    },
    "node_modules/@elevenlabs/cli-win32-x64": {
      "version": "1.4.0",
      "resolved": "https://registry.npmjs.org/@elevenlabs/cli-win32-x64/-/cli-win32-x64-1.4.0.tgz",
      "integrity": "sha512-I8hmPvHle2b5XFLejUo6N8eo0ZCkSq6DvFPoRbQvo+m1hytA77BImjBwynjUtD0sY/q0oof8PeDccYaJyGhb5w==",
      "cpu": [
        "x64"
      ],
      "license": "MIT",
      "optional": true,
      "os": [
        "win32"
      ]
    }
  }
}
